
Microsoft Visual Studio Solution File, Format Version 12.00
# Visual Studio Version 17
VisualStudioVersion = 17.8.34525.116
MinimumVisualStudioVersion = 10.0.40219.1
Project("{9A19103F-16F7-4668-BE54-9A1E7A4F7556}") = "Models", "Models\Models.csproj", "{7C3877A8-95AC-42C7-B4B0-D6F64514167A}"
EndProject
Project("{9A19103F-16F7-4668-BE54-9A1E7A4F7556}") = "DataAccess", "DataAccess\DataAccess.csproj", "{0A22ADFD-419B-4421-A3FD-9B6810C1DED5}"
EndProject
Project("{FAE04EC0-301F-11D3-BF4B-00C04F79EFBC}") = "IOApp", "IOApp\IOApp.csproj", "{A2BE29FE-6310-4A77-A1A4-FBF529EC24E1}"
EndProject
Global
	GlobalSection(SolutionConfigurationPlatforms) = preSolution
		Debug|Any CPU = Debug|Any CPU
		Release|Any CPU = Release|Any CPU
	EndGlobalSection
	GlobalSection(ProjectConfigurationPlatforms) = postSolution
		{7C3877A8-95AC-42C7-B4B0-D6F64514167A}.Debug|Any CPU.ActiveCfg = Debug|Any CPU
		{7C3877A8-95AC-42C7-B4B0-D6F64514167A}.Debug|Any CPU.Build.0 = Debug|Any CPU
		{7C3877A8-95AC-42C7-B4B0-D6F64514167A}.Release|Any CPU.ActiveCfg = Release|Any CPU
		{7C3877A8-95AC-42C7-B4B0-D6F64514167A}.Release|Any CPU.Build.0 = Release|Any CPU
		{0A22ADFD-419B-4421-A3FD-9B6810C1DED5}.Debug|Any CPU.ActiveCfg = Debug|Any CPU
		{0A22ADFD-419B-4421-A3FD-9B6810C1DED5}.Debug|Any CPU.Build.0 = Debug|Any CPU
		{0A22ADFD-419B-4421-A3FD-9B6810C1DED5}.Release|Any CPU.ActiveCfg = Release|Any CPU
		{0A22ADFD-419B-4421-A3FD-9B6810C1DED5}.Release|Any CPU.Build.0 = Release|Any CPU
		{A2BE29FE-6310-4A77-A1A4-FBF529EC24E1}.Debug|Any CPU.ActiveCfg = Debug|Any CPU
		{A2BE29FE-6310-4A77-A1A4-FBF529EC24E1}.Debug|Any CPU.Build.0 = Debug|Any CPU
		{A2BE29FE-6310-4A77-A1A4-FBF529EC24E1}.Release|Any CPU.ActiveCfg = Release|Any CPU
		{A2BE29FE-6310-4A77-A1A4-FBF529EC24E1}.Release|Any CPU.Build.0 = Release|Any CPU
	EndGlobalSection
	GlobalSection(SolutionProperties) = preSolution
		HideSolutionNode = FALSE
	EndGlobalSection
	GlobalSection(ExtensibilityGlobals) = postSolution
		SolutionGuid = {71B8D5D0-688A-4682-99B3-C1793BE80C35}
	EndGlobalSection
EndGlobal
